
Microsoft Visual Studio Solution File, Format Version 12.00
# Visual Studio Version 17
VisualStudioVersion = 17.8.34330.188
MinimumVisualStudioVersion = 10.0.40219.1
Project("{FAE04EC0-301F-11D3-BF4B-00C04F79EFBC}") = "Lab11", "Lab11\Lab11.csproj", "{6E642C67-2DC2-46D4-BA17-0C6E85BEF979}"
EndProject
Global
	GlobalSection(SolutionConfigurationPlatforms) = preSolution
		Debug|Any CPU = Debug|Any CPU
		Release|Any CPU = Release|Any CPU
	EndGlobalSection
	GlobalSection(ProjectConfigurationPlatforms) = postSolution
		{6E642C67-2DC2-46D4-BA17-0C6E85BEF979}.Debug|Any CPU.ActiveCfg = Debug|Any CPU
		{6E642C67-2DC2-46D4-BA17-0C6E85BEF979}.Debug|Any CPU.Build.0 = Debug|Any CPU
		{6E642C67-2DC2-46D4-BA17-0C6E85BEF979}.Release|Any CPU.ActiveCfg = Release|Any CPU
		{6E642C67-2DC2-46D4-BA17-0C6E85BEF979}.Release|Any CPU.Build.0 = Release|Any CPU
	EndGlobalSection
	GlobalSection(SolutionProperties) = preSolution
		HideSolutionNode = FALSE
	EndGlobalSection
	GlobalSection(ExtensibilityGlobals) = postSolution
		SolutionGuid = {A5040600-E61D-4641-8950-700DEFFD443E}
	EndGlobalSection
EndGlobal
